{
  "name": "hello-world-vulnerable",
  "version": "1.0.0",
  "lockfileVersion": 3,
  "requires": true,
  "packages": {
    "": {
      "name": "hello-world-vulnerable",
      "version": "1.0.0",
      "dependencies": {
        "axios": "0.18.0",
        "ejs": "2.6.1",
        "handlebars": "4.0.11",
        "lodash": "4.17.4",
        "marked": "0.3.6",
        "minimist": "1.2.0",
        "node-fetch": "2.6.0",
        "react": "16.8.0",
        "react-dom": "16.8.0",
        "serialize-javascript": "1.4.0"
      }
    },
    "node_modules/axios": {
      "version": "0.18.0",
      "resolved": "https://registry.npmjs.org/axios/-/axios-0.18.0.tgz"
    },
    "node_modules/ejs": {
      "version": "2.6.1",
      "resolved": "https://registry.npmjs.org/ejs/-/ejs-2.6.1.tgz"
    },
    "node_modules/handlebars": {
      "version": "4.0.11",
      "resolved": "https://registry.npmjs.org/handlebars/-/handlebars-4.0.11.tgz"
    },
    "node_modules/lodash": {
      "version": "4.17.4",
      "resolved": "https://registry.npmjs.org/lodash/-/lodash-4.17.4.tgz"
    },
    "node_modules/marked": {
      "version": "0.3.6",
      "resolved": "https://registry.npmjs.org/marked/-/marked-0.3.6.tgz"
    },
    "node_modules/minimist": {
      "version": "1.2.0",
      "resolved": "https://registry.npmjs.org/minimist/-/minimist-1.2.0.tgz"
    },
    "node_modules/node-fetch": {
      "version": "2.6.0",
      "resolved": "https://registry.npmjs.org/node-fetch/-/node-fetch-2.6.0.tgz"
    },
    "node_modules/react": {
      "version": "16.8.0",
      "resolved": "https://registry.npmjs.org/react/-/react-16.8.0.tgz"
    },
    "node_modules/react-dom": {
      "version": "16.8.0",
      "resolved": "https://registry.npmjs.org/react-dom/-/react-dom-16.8.0.tgz"
    },
    "node_modules/serialize-javascript": {
      "version": "1.4.0",
      "resolved": "https://registry.npmjs.org/serialize-javascript/-/serialize-javascript-1.4.0.tgz"
    }
  }
}
